
Microsoft Visual Studio Solution File, Format Version 12.00
# Visual Studio Version 16
VisualStudioVersion = 16.0.32126.315
MinimumVisualStudioVersion = 10.0.40219.1
Project("{FAE04EC0-301F-11D3-BF4B-00C04F79EFBC}") = "Restaurant_Management", "Restaurant_Management\Restaurant_Management.csproj", "{CD74DA53-5A8D-4ED3-A217-F68F1A7CFE67}"
EndProject
Project("{FAE04EC0-301F-11D3-BF4B-00C04F79EFBC}") = "Restaurant_Management_console_host", "Restaurant_Management_console_host\Restaurant_Management_console_host.csproj", "{64C074B3-6517-4C22-97B2-C58231B7AB52}"
EndProject
Project("{FAE04EC0-301F-11D3-BF4B-00C04F79EFBC}") = "Restaurant_Management_Client", "Restaurant_Management_Client\Restaurant_Management_Client.csproj", "{28B1F1E0-B069-416C-B092-56EA7735F627}"
EndProject
Global
	GlobalSection(SolutionConfigurationPlatforms) = preSolution
		Debug|Any CPU = Debug|Any CPU
		Release|Any CPU = Release|Any CPU
	EndGlobalSection
	GlobalSection(ProjectConfigurationPlatforms) = postSolution
		{CD74DA53-5A8D-4ED3-A217-F68F1A7CFE67}.Debug|Any CPU.ActiveCfg = Debug|Any CPU
		{CD74DA53-5A8D-4ED3-A217-F68F1A7CFE67}.Debug|Any CPU.Build.0 = Debug|Any CPU
		{CD74DA53-5A8D-4ED3-A217-F68F1A7CFE67}.Release|Any CPU.ActiveCfg = Release|Any CPU
		{CD74DA53-5A8D-4ED3-A217-F68F1A7CFE67}.Release|Any CPU.Build.0 = Release|Any CPU
		{64C074B3-6517-4C22-97B2-C58231B7AB52}.Debug|Any CPU.ActiveCfg = Debug|Any CPU
		{64C074B3-6517-4C22-97B2-C58231B7AB52}.Debug|Any CPU.Build.0 = Debug|Any CPU
		{64C074B3-6517-4C22-97B2-C58231B7AB52}.Release|Any CPU.ActiveCfg = Release|Any CPU
		{64C074B3-6517-4C22-97B2-C58231B7AB52}.Release|Any CPU.Build.0 = Release|Any CPU
		{28B1F1E0-B069-416C-B092-56EA7735F627}.Debug|Any CPU.ActiveCfg = Debug|Any CPU
		{28B1F1E0-B069-416C-B092-56EA7735F627}.Debug|Any CPU.Build.0 = Debug|Any CPU
		{28B1F1E0-B069-416C-B092-56EA7735F627}.Release|Any CPU.ActiveCfg = Release|Any CPU
		{28B1F1E0-B069-416C-B092-56EA7735F627}.Release|Any CPU.Build.0 = Release|Any CPU
	EndGlobalSection
	GlobalSection(SolutionProperties) = preSolution
		HideSolutionNode = FALSE
	EndGlobalSection
	GlobalSection(ExtensibilityGlobals) = postSolution
		SolutionGuid = {1C124E28-45B7-4117-AEC8-99999331E33D}
	EndGlobalSection
EndGlobal
